
Microsoft Visual Studio Solution File, Format Version 12.00
# Visual Studio Version 16
VisualStudioVersion = 16.0.29209.62
MinimumVisualStudioVersion = 10.0.40219.1
Project("{FAE04EC0-301F-11D3-BF4B-00C04F79EFBC}") = "Slack.EventListener", "Slack.EventListener\Slack.EventListener.csproj", "{E7B92688-E62D-47B5-9469-123EE5AA6D1E}"
EndProject
Project("{FAE04EC0-301F-11D3-BF4B-00C04F79EFBC}") = "Slack.EventListener.Models", "Slack.EventListener.Models\Slack.EventListener.Models.csproj", "{9490D4C3-C779-4F7B-AA95-DE17A8D52528}"
EndProject
Project("{FAE04EC0-301F-11D3-BF4B-00C04F79EFBC}") = "Slack.RegisterHueApp", "Slack.RegisterHueApp\Slack.RegisterHueApp.csproj", "{E68C8215-122D-42F9-960F-9202EFF8E83F}"
EndProject
Project("{FAE04EC0-301F-11D3-BF4B-00C04F79EFBC}") = "Slack.Shared", "Slack.Shared\Slack.Shared.csproj", "{E9AE19B1-BAE1-4C51-B3FB-D05C06520895}"
EndProject
Global
	GlobalSection(SolutionConfigurationPlatforms) = preSolution
		Debug|Any CPU = Debug|Any CPU
		Release|Any CPU = Release|Any CPU
	EndGlobalSection
	GlobalSection(ProjectConfigurationPlatforms) = postSolution
		{E7B92688-E62D-47B5-9469-123EE5AA6D1E}.Debug|Any CPU.ActiveCfg = Debug|Any CPU
		{E7B92688-E62D-47B5-9469-123EE5AA6D1E}.Debug|Any CPU.Build.0 = Debug|Any CPU
		{E7B92688-E62D-47B5-9469-123EE5AA6D1E}.Release|Any CPU.ActiveCfg = Release|Any CPU
		{E7B92688-E62D-47B5-9469-123EE5AA6D1E}.Release|Any CPU.Build.0 = Release|Any CPU
		{9490D4C3-C779-4F7B-AA95-DE17A8D52528}.Debug|Any CPU.ActiveCfg = Debug|Any CPU
		{9490D4C3-C779-4F7B-AA95-DE17A8D52528}.Debug|Any CPU.Build.0 = Debug|Any CPU
		{9490D4C3-C779-4F7B-AA95-DE17A8D52528}.Release|Any CPU.ActiveCfg = Release|Any CPU
		{9490D4C3-C779-4F7B-AA95-DE17A8D52528}.Release|Any CPU.Build.0 = Release|Any CPU
		{E68C8215-122D-42F9-960F-9202EFF8E83F}.Debug|Any CPU.ActiveCfg = Debug|Any CPU
		{E68C8215-122D-42F9-960F-9202EFF8E83F}.Debug|Any CPU.Build.0 = Debug|Any CPU
		{E68C8215-122D-42F9-960F-9202EFF8E83F}.Release|Any CPU.ActiveCfg = Release|Any CPU
		{E68C8215-122D-42F9-960F-9202EFF8E83F}.Release|Any CPU.Build.0 = Release|Any CPU
		{E9AE19B1-BAE1-4C51-B3FB-D05C06520895}.Debug|Any CPU.ActiveCfg = Debug|Any CPU
		{E9AE19B1-BAE1-4C51-B3FB-D05C06520895}.Debug|Any CPU.Build.0 = Debug|Any CPU
		{E9AE19B1-BAE1-4C51-B3FB-D05C06520895}.Release|Any CPU.ActiveCfg = Release|Any CPU
		{E9AE19B1-BAE1-4C51-B3FB-D05C06520895}.Release|Any CPU.Build.0 = Release|Any CPU
	EndGlobalSection
	GlobalSection(SolutionProperties) = preSolution
		HideSolutionNode = FALSE
	EndGlobalSection
	GlobalSection(ExtensibilityGlobals) = postSolution
		SolutionGuid = {4639B31D-7533-4A65-825E-B6E0E967C61C}
	EndGlobalSection
EndGlobal
